
Microsoft Visual Studio Solution File, Format Version 12.00
# Visual Studio Version 17
VisualStudioVersion = 17.8.34330.188
MinimumVisualStudioVersion = 10.0.40219.1
Project("{FAE04EC0-301F-11D3-BF4B-00C04F79EFBC}") = "WindowsFormsApp2", "WindowsFormsApp2\WindowsFormsApp2.csproj", "{A934B229-AEFC-49E5-9D75-256BF3D12B27}"
EndProject
Global
	GlobalSection(SolutionConfigurationPlatforms) = preSolution
		Debug|Any CPU = Debug|Any CPU
		Release|Any CPU = Release|Any CPU
	EndGlobalSection
	GlobalSection(ProjectConfigurationPlatforms) = postSolution
		{A934B229-AEFC-49E5-9D75-256BF3D12B27}.Debug|Any CPU.ActiveCfg = Debug|Any CPU
		{A934B229-AEFC-49E5-9D75-256BF3D12B27}.Debug|Any CPU.Build.0 = Debug|Any CPU
		{A934B229-AEFC-49E5-9D75-256BF3D12B27}.Release|Any CPU.ActiveCfg = Release|Any CPU
		{A934B229-AEFC-49E5-9D75-256BF3D12B27}.Release|Any CPU.Build.0 = Release|Any CPU
	EndGlobalSection
	GlobalSection(SolutionProperties) = preSolution
		HideSolutionNode = FALSE
	EndGlobalSection
	GlobalSection(ExtensibilityGlobals) = postSolution
		SolutionGuid = {49AD9DF4-26BA-4120-A074-9FC5B9982AA4}
	EndGlobalSection
EndGlobal
